
Microsoft Visual Studio Solution File, Format Version 12.00
# Visual Studio Version 17
VisualStudioVersion = 17.0.31903.59
MinimumVisualStudioVersion = 10.0.40219.1
Project("{2150E333-8FDC-42A3-9474-1A3956D46DE8}") = "src", "src", "{15A17A36-E81B-4451-8098-883E18F10742}"
EndProject
Project("{FAE04EC0-301F-11D3-BF4B-00C04F79EFBC}") = "AMSEL.MobileApi", "src\AMSEL.MobileApi\AMSEL.MobileApi.csproj", "{CFE2A833-F12E-48C3-B498-BA3B21970754}"
EndProject
Global
	GlobalSection(SolutionConfigurationPlatforms) = preSolution
		Debug|Any CPU = Debug|Any CPU
		Release|Any CPU = Release|Any CPU
	EndGlobalSection
	GlobalSection(SolutionProperties) = preSolution
		HideSolutionNode = FALSE
	EndGlobalSection
	GlobalSection(ProjectConfigurationPlatforms) = postSolution
		{CFE2A833-F12E-48C3-B498-BA3B21970754}.Debug|Any CPU.ActiveCfg = Debug|Any CPU
		{CFE2A833-F12E-48C3-B498-BA3B21970754}.Debug|Any CPU.Build.0 = Debug|Any CPU
		{CFE2A833-F12E-48C3-B498-BA3B21970754}.Release|Any CPU.ActiveCfg = Release|Any CPU
		{CFE2A833-F12E-48C3-B498-BA3B21970754}.Release|Any CPU.Build.0 = Release|Any CPU
	EndGlobalSection
	GlobalSection(NestedProjects) = preSolution
		{CFE2A833-F12E-48C3-B498-BA3B21970754} = {15A17A36-E81B-4451-8098-883E18F10742}
	EndGlobalSection
EndGlobal
